
Microsoft Visual Studio Solution File, Format Version 12.00
# Visual Studio 15
VisualStudioVersion = 15.0.26403.7
MinimumVisualStudioVersion = 10.0.40219.1
Project("{D954291E-2A0B-460D-934E-DC6B0785DB48}") = "EasyPath", "EasyPath\EasyPath\EasyPath.shproj", "{AA5CD121-3694-4984-8106-C3C8E9945205}"
EndProject
Project("{FAE04EC0-301F-11D3-BF4B-00C04F79EFBC}") = "EasyPath.Android", "EasyPath\EasyPath.Android\EasyPath.Android.csproj", "{0F89ADA9-1D84-40BF-9FBA-75F924D8A52D}"
EndProject
Project("{FAE04EC0-301F-11D3-BF4B-00C04F79EFBC}") = "EasyPath.iOS", "EasyPath\EasyPath.iOS\EasyPath.iOS.csproj", "{2665E71B-91B5-43DC-B0A4-AED727EE62E9}"
EndProject
Project("{FAE04EC0-301F-11D3-BF4B-00C04F79EFBC}") = "EasyPath.UWP", "EasyPath\EasyPath.UWP\EasyPath.UWP.csproj", "{51E521FE-8E8D-41CE-B22F-0A2E1718F837}"
EndProject
Global
	GlobalSection(SharedMSBuildProjectFiles) = preSolution
		EasyPath\EasyPath\EasyPath.projitems*{0f89ada9-1d84-40bf-9fba-75f924d8a52d}*SharedItemsImports = 4
		EasyPath\EasyPath\EasyPath.projitems*{2665e71b-91b5-43dc-b0a4-aed727ee62e9}*SharedItemsImports = 4
		EasyPath\EasyPath\EasyPath.projitems*{51e521fe-8e8d-41ce-b22f-0a2e1718f837}*SharedItemsImports = 4
		EasyPath\EasyPath\EasyPath.projitems*{aa5cd121-3694-4984-8106-c3c8e9945205}*SharedItemsImports = 13
	EndGlobalSection
	GlobalSection(SolutionConfigurationPlatforms) = preSolution
		Ad-Hoc|Any CPU = Ad-Hoc|Any CPU
		Ad-Hoc|ARM = Ad-Hoc|ARM
		Ad-Hoc|iPhone = Ad-Hoc|iPhone
		Ad-Hoc|iPhoneSimulator = Ad-Hoc|iPhoneSimulator
		Ad-Hoc|x64 = Ad-Hoc|x64
		Ad-Hoc|x86 = Ad-Hoc|x86
		AppStore|Any CPU = AppStore|Any CPU
		AppStore|ARM = AppStore|ARM
		AppStore|iPhone = AppStore|iPhone
		AppStore|iPhoneSimulator = AppStore|iPhoneSimulator
		AppStore|x64 = AppStore|x64
		AppStore|x86 = AppStore|x86
		Debug|Any CPU = Debug|Any CPU
		Debug|ARM = Debug|ARM
		Debug|iPhone = Debug|iPhone
		Debug|iPhoneSimulator = Debug|iPhoneSimulator
		Debug|x64 = Debug|x64
		Debug|x86 = Debug|x86
		Release|Any CPU = Release|Any CPU
		Release|ARM = Release|ARM
		Release|iPhone = Release|iPhone
		Release|iPhoneSimulator = Release|iPhoneSimulator
		Release|x64 = Release|x64
		Release|x86 = Release|x86
	EndGlobalSection
	GlobalSection(ProjectConfigurationPlatforms) = postSolution
		{0F89ADA9-1D84-40BF-9FBA-75F924D8A52D}.Ad-Hoc|Any CPU.ActiveCfg = Release|Any CPU
		{0F89ADA9-1D84-40BF-9FBA-75F924D8A52D}.Ad-Hoc|Any CPU.Build.0 = Release|Any CPU
		{0F89ADA9-1D84-40BF-9FBA-75F924D8A52D}.Ad-Hoc|Any CPU.Deploy.0 = Release|Any CPU
		{0F89ADA9-1D84-40BF-9FBA-75F924D8A52D}.Ad-Hoc|ARM.ActiveCfg = Release|Any CPU
		{0F89ADA9-1D84-40BF-9FBA-75F924D8A52D}.Ad-Hoc|ARM.Build.0 = Release|Any CPU
		{0F89ADA9-1D84-40BF-9FBA-75F924D8A52D}.Ad-Hoc|ARM.Deploy.0 = Release|Any CPU
		{0F89ADA9-1D84-40BF-9FBA-75F924D8A52D}.Ad-Hoc|iPhone.ActiveCfg = Release|Any CPU
		{0F89ADA9-1D84-40BF-9FBA-75F924D8A52D}.Ad-Hoc|iPhone.Build.0 = Release|Any CPU
		{0F89ADA9-1D84-40BF-9FBA-75F924D8A52D}.Ad-Hoc|iPhone.Deploy.0 = Release|Any CPU
		{0F89ADA9-1D84-40BF-9FBA-75F924D8A52D}.Ad-Hoc|iPhoneSimulator.ActiveCfg = Release|Any CPU
		{0F89ADA9-1D84-40BF-9FBA-75F924D8A52D}.Ad-Hoc|iPhoneSimulator.Build.0 = Release|Any CPU
		{0F89ADA9-1D84-40BF-9FBA-75F924D8A52D}.Ad-Hoc|iPhoneSimulator.Deploy.0 = Release|Any CPU
		{0F89ADA9-1D84-40BF-9FBA-75F924D8A52D}.Ad-Hoc|x64.ActiveCfg = Release|Any CPU
		{0F89ADA9-1D84-40BF-9FBA-75F924D8A52D}.Ad-Hoc|x64.Build.0 = Release|Any CPU
		{0F89ADA9-1D84-40BF-9FBA-75F924D8A52D}.Ad-Hoc|x64.Deploy.0 = Release|Any CPU
		{0F89ADA9-1D84-40BF-9FBA-75F924D8A52D}.Ad-Hoc|x86.ActiveCfg = Release|Any CPU
		{0F89ADA9-1D84-40BF-9FBA-75F924D8A52D}.Ad-Hoc|x86.Build.0 = Release|Any CPU
		{0F89ADA9-1D84-40BF-9FBA-75F924D8A52D}.Ad-Hoc|x86.Deploy.0 = Release|Any CPU
		{0F89ADA9-1D84-40BF-9FBA-75F924D8A52D}.AppStore|Any CPU.ActiveCfg = Release|Any CPU
		{0F89ADA9-1D84-40BF-9FBA-75F924D8A52D}.AppStore|Any CPU.Build.0 = Release|Any CPU
		{0F89ADA9-1D84-40BF-9FBA-75F924D8A52D}.AppStore|Any CPU.Deploy.0 = Release|Any CPU
		{0F89ADA9-1D84-40BF-9FBA-75F924D8A52D}.AppStore|ARM.ActiveCfg = Release|Any CPU
		{0F89ADA9-1D84-40BF-9FBA-75F924D8A52D}.AppStore|ARM.Build.0 = Release|Any CPU
		{0F89ADA9-1D84-40BF-9FBA-75F924D8A52D}.AppStore|ARM.Deploy.0 = Release|Any CPU
		{0F89ADA9-1D84-40BF-9FBA-75F924D8A52D}.AppStore|iPhone.ActiveCfg = Release|Any CPU
		{0F89ADA9-1D84-40BF-9FBA-75F924D8A52D}.AppStore|iPhone.Build.0 = Release|Any CPU
		{0F89ADA9-1D84-40BF-9FBA-75F924D8A52D}.AppStore|iPhone.Deploy.0 = Release|Any CPU
		{0F89ADA9-1D84-40BF-9FBA-75F924D8A52D}.AppStore|iPhoneSimulator.ActiveCfg = Release|Any CPU
		{0F89ADA9-1D84-40BF-9FBA-75F924D8A52D}.AppStore|iPhoneSimulator.Build.0 = Release|Any CPU
		{0F89ADA9-1D84-40BF-9FBA-75F924D8A52D}.AppStore|iPhoneSimulator.Deploy.0 = Release|Any CPU
		{0F89ADA9-1D84-40BF-9FBA-75F924D8A52D}.AppStore|x64.ActiveCfg = Release|Any CPU
		{0F89ADA9-1D84-40BF-9FBA-75F924D8A52D}.AppStore|x64.Build.0 = Release|Any CPU
		{0F89ADA9-1D84-40BF-9FBA-75F924D8A52D}.AppStore|x64.Deploy.0 = Release|Any CPU
		{0F89ADA9-1D84-40BF-9FBA-75F924D8A52D}.AppStore|x86.ActiveCfg = Release|Any CPU
		{0F89ADA9-1D84-40BF-9FBA-75F924D8A52D}.AppStore|x86.Build.0 = Release|Any CPU
		{0F89ADA9-1D84-40BF-9FBA-75F924D8A52D}.AppStore|x86.Deploy.0 = Release|Any CPU
		{0F89ADA9-1D84-40BF-9FBA-75F924D8A52D}.Debug|Any CPU.ActiveCfg = Debug|Any CPU
		{0F89ADA9-1D84-40BF-9FBA-75F924D8A52D}.Debug|Any CPU.Build.0 = Debug|Any CPU
		{0F89ADA9-1D84-40BF-9FBA-75F924D8A52D}.Debug|Any CPU.Deploy.0 = Debug|Any CPU
		{0F89ADA9-1D84-40BF-9FBA-75F924D8A52D}.Debug|ARM.ActiveCfg = Debug|Any CPU
		{0F89ADA9-1D84-40BF-9FBA-75F924D8A52D}.Debug|ARM.Build.0 = Debug|Any CPU
		{0F89ADA9-1D84-40BF-9FBA-75F924D8A52D}.Debug|ARM.Deploy.0 = Debug|Any CPU
		{0F89ADA9-1D84-40BF-9FBA-75F924D8A52D}.Debug|iPhone.ActiveCfg = Debug|Any CPU
		{0F89ADA9-1D84-40BF-9FBA-75F924D8A52D}.Debug|iPhone.Build.0 = Debug|Any CPU
		{0F89ADA9-1D84-40BF-9FBA-75F924D8A52D}.Debug|iPhone.Deploy.0 = Debug|Any CPU
		{0F89ADA9-1D84-40BF-9FBA-75F924D8A52D}.Debug|iPhoneSimulator.ActiveCfg = Debug|Any CPU
		{0F89ADA9-1D84-40BF-9FBA-75F924D8A52D}.Debug|iPhoneSimulator.Build.0 = Debug|Any CPU
		{0F89ADA9-1D84-40BF-9FBA-75F924D8A52D}.Debug|iPhoneSimulator.Deploy.0 = Debug|Any CPU
		{0F89ADA9-1D84-40BF-9FBA-75F924D8A52D}.Debug|x64.ActiveCfg = Debug|Any CPU
		{0F89ADA9-1D84-40BF-9FBA-75F924D8A52D}.Debug|x64.Build.0 = Debug|Any CPU
		{0F89ADA9-1D84-40BF-9FBA-75F924D8A52D}.Debug|x64.Deploy.0 = Debug|Any CPU
		{0F89ADA9-1D84-40BF-9FBA-75F924D8A52D}.Debug|x86.ActiveCfg = Debug|Any CPU
		{0F89ADA9-1D84-40BF-9FBA-75F924D8A52D}.Debug|x86.Build.0 = Debug|Any CPU
		{0F89ADA9-1D84-40BF-9FBA-75F924D8A52D}.Debug|x86.Deploy.0 = Debug|Any CPU
		{0F89ADA9-1D84-40BF-9FBA-75F924D8A52D}.Release|Any CPU.ActiveCfg = Release|Any CPU
		{0F89ADA9-1D84-40BF-9FBA-75F924D8A52D}.Release|Any CPU.Build.0 = Release|Any CPU
		{0F89ADA9-1D84-40BF-9FBA-75F924D8A52D}.Release|Any CPU.Deploy.0 = Release|Any CPU
		{0F89ADA9-1D84-40BF-9FBA-75F924D8A52D}.Release|ARM.ActiveCfg = Release|Any CPU
		{0F89ADA9-1D84-40BF-9FBA-75F924D8A52D}.Release|ARM.Build.0 = Release|Any CPU
		{0F89ADA9-1D84-40BF-9FBA-75F924D8A52D}.Release|ARM.Deploy.0 = Release|Any CPU
		{0F89ADA9-1D84-40BF-9FBA-75F924D8A52D}.Release|iPhone.ActiveCfg = Release|Any CPU
		{0F89ADA9-1D84-40BF-9FBA-75F924D8A52D}.Release|iPhone.Build.0 = Release|Any CPU
		{0F89ADA9-1D84-40BF-9FBA-75F924D8A52D}.Release|iPhone.Deploy.0 = Release|Any CPU
		{0F89ADA9-1D84-40BF-9FBA-75F924D8A52D}.Release|iPhoneSimulator.ActiveCfg = Release|Any CPU
		{0F89ADA9-1D84-40BF-9FBA-75F924D8A52D}.Release|iPhoneSimulator.Build.0 = Release|Any CPU
		{0F89ADA9-1D84-40BF-9FBA-75F924D8A52D}.Release|iPhoneSimulator.Deploy.0 = Release|Any CPU
		{0F89ADA9-1D84-40BF-9FBA-75F924D8A52D}.Release|x64.ActiveCfg = Release|Any CPU
		{0F89ADA9-1D84-40BF-9FBA-75F924D8A52D}.Release|x64.Build.0 = Release|Any CPU
		{0F89ADA9-1D84-40BF-9FBA-75F924D8A52D}.Release|x64.Deploy.0 = Release|Any CPU
		{0F89ADA9-1D84-40BF-9FBA-75F924D8A52D}.Release|x86.ActiveCfg = Release|Any CPU
		{0F89ADA9-1D84-40BF-9FBA-75F924D8A52D}.Release|x86.Build.0 = Release|Any CPU
		{0F89ADA9-1D84-40BF-9FBA-75F924D8A52D}.Release|x86.Deploy.0 = Release|Any CPU
		{2665E71B-91B5-43DC-B0A4-AED727EE62E9}.Ad-Hoc|Any CPU.ActiveCfg = Ad-Hoc|iPhone
		{2665E71B-91B5-43DC-B0A4-AED727EE62E9}.Ad-Hoc|ARM.ActiveCfg = Ad-Hoc|iPhone
		{2665E71B-91B5-43DC-B0A4-AED727EE62E9}.Ad-Hoc|iPhone.ActiveCfg = Ad-Hoc|iPhone
		{2665E71B-91B5-43DC-B0A4-AED727EE62E9}.Ad-Hoc|iPhone.Build.0 = Ad-Hoc|iPhone
		{2665E71B-91B5-43DC-B0A4-AED727EE62E9}.Ad-Hoc|iPhoneSimulator.ActiveCfg = Ad-Hoc|iPhoneSimulator
		{2665E71B-91B5-43DC-B0A4-AED727EE62E9}.Ad-Hoc|iPhoneSimulator.Build.0 = Ad-Hoc|iPhoneSimulator
		{2665E71B-91B5-43DC-B0A4-AED727EE62E9}.Ad-Hoc|x64.ActiveCfg = Ad-Hoc|iPhone
		{2665E71B-91B5-43DC-B0A4-AED727EE62E9}.Ad-Hoc|x86.ActiveCfg = Ad-Hoc|iPhone
		{2665E71B-91B5-43DC-B0A4-AED727EE62E9}.AppStore|Any CPU.ActiveCfg = AppStore|iPhone
		{2665E71B-91B5-43DC-B0A4-AED727EE62E9}.AppStore|ARM.ActiveCfg = AppStore|iPhone
		{2665E71B-91B5-43DC-B0A4-AED727EE62E9}.AppStore|iPhone.ActiveCfg = AppStore|iPhone
		{2665E71B-91B5-43DC-B0A4-AED727EE62E9}.AppStore|iPhone.Build.0 = AppStore|iPhone
		{2665E71B-91B5-43DC-B0A4-AED727EE62E9}.AppStore|iPhoneSimulator.ActiveCfg = AppStore|iPhoneSimulator
		{2665E71B-91B5-43DC-B0A4-AED727EE62E9}.AppStore|iPhoneSimulator.Build.0 = AppStore|iPhoneSimulator
		{2665E71B-91B5-43DC-B0A4-AED727EE62E9}.AppStore|x64.ActiveCfg = AppStore|iPhone
		{2665E71B-91B5-43DC-B0A4-AED727EE62E9}.AppStore|x86.ActiveCfg = AppStore|iPhone
		{2665E71B-91B5-43DC-B0A4-AED727EE62E9}.Debug|Any CPU.ActiveCfg = Debug|iPhone
		{2665E71B-91B5-43DC-B0A4-AED727EE62E9}.Debug|ARM.ActiveCfg = Debug|iPhone
		{2665E71B-91B5-43DC-B0A4-AED727EE62E9}.Debug|iPhone.ActiveCfg = Debug|iPhone
		{2665E71B-91B5-43DC-B0A4-AED727EE62E9}.Debug|iPhone.Build.0 = Debug|iPhone
		{2665E71B-91B5-43DC-B0A4-AED727EE62E9}.Debug|iPhoneSimulator.ActiveCfg = Debug|iPhoneSimulator
		{2665E71B-91B5-43DC-B0A4-AED727EE62E9}.Debug|iPhoneSimulator.Build.0 = Debug|iPhoneSimulator
		{2665E71B-91B5-43DC-B0A4-AED727EE62E9}.Debug|x64.ActiveCfg = Debug|iPhone
		{2665E71B-91B5-43DC-B0A4-AED727EE62E9}.Debug|x86.ActiveCfg = Debug|iPhone
		{2665E71B-91B5-43DC-B0A4-AED727EE62E9}.Release|Any CPU.ActiveCfg = Release|iPhone
		{2665E71B-91B5-43DC-B0A4-AED727EE62E9}.Release|ARM.ActiveCfg = Release|iPhone
		{2665E71B-91B5-43DC-B0A4-AED727EE62E9}.Release|iPhone.ActiveCfg = Release|iPhone
		{2665E71B-91B5-43DC-B0A4-AED727EE62E9}.Release|iPhone.Build.0 = Release|iPhone
		{2665E71B-91B5-43DC-B0A4-AED727EE62E9}.Release|iPhoneSimulator.ActiveCfg = Release|iPhoneSimulator
		{2665E71B-91B5-43DC-B0A4-AED727EE62E9}.Release|iPhoneSimulator.Build.0 = Release|iPhoneSimulator
		{2665E71B-91B5-43DC-B0A4-AED727EE62E9}.Release|x64.ActiveCfg = Release|iPhone
		{2665E71B-91B5-43DC-B0A4-AED727EE62E9}.Release|x86.ActiveCfg = Release|iPhone
		{51E521FE-8E8D-41CE-B22F-0A2E1718F837}.Ad-Hoc|Any CPU.ActiveCfg = Release|x86
		{51E521FE-8E8D-41CE-B22F-0A2E1718F837}.Ad-Hoc|Any CPU.Build.0 = Release|x86
		{51E521FE-8E8D-41CE-B22F-0A2E1718F837}.Ad-Hoc|Any CPU.Deploy.0 = Release|x86
		{51E521FE-8E8D-41CE-B22F-0A2E1718F837}.Ad-Hoc|ARM.ActiveCfg = Release|ARM
		{51E521FE-8E8D-41CE-B22F-0A2E1718F837}.Ad-Hoc|ARM.Build.0 = Release|ARM
		{51E521FE-8E8D-41CE-B22F-0A2E1718F837}.Ad-Hoc|ARM.Deploy.0 = Release|ARM
		{51E521FE-8E8D-41CE-B22F-0A2E1718F837}.Ad-Hoc|iPhone.ActiveCfg = Release|x86
		{51E521FE-8E8D-41CE-B22F-0A2E1718F837}.Ad-Hoc|iPhone.Build.0 = Release|x86
		{51E521FE-8E8D-41CE-B22F-0A2E1718F837}.Ad-Hoc|iPhone.Deploy.0 = Release|x86
		{51E521FE-8E8D-41CE-B22F-0A2E1718F837}.Ad-Hoc|iPhoneSimulator.ActiveCfg = Release|x86
		{51E521FE-8E8D-41CE-B22F-0A2E1718F837}.Ad-Hoc|iPhoneSimulator.Build.0 = Release|x86
		{51E521FE-8E8D-41CE-B22F-0A2E1718F837}.Ad-Hoc|iPhoneSimulator.Deploy.0 = Release|x86
		{51E521FE-8E8D-41CE-B22F-0A2E1718F837}.Ad-Hoc|x64.ActiveCfg = Release|x64
		{51E521FE-8E8D-41CE-B22F-0A2E1718F837}.Ad-Hoc|x64.Build.0 = Release|x64
		{51E521FE-8E8D-41CE-B22F-0A2E1718F837}.Ad-Hoc|x64.Deploy.0 = Release|x64
		{51E521FE-8E8D-41CE-B22F-0A2E1718F837}.Ad-Hoc|x86.ActiveCfg = Release|x86
		{51E521FE-8E8D-41CE-B22F-0A2E1718F837}.Ad-Hoc|x86.Build.0 = Release|x86
		{51E521FE-8E8D-41CE-B22F-0A2E1718F837}.Ad-Hoc|x86.Deploy.0 = Release|x86
		{51E521FE-8E8D-41CE-B22F-0A2E1718F837}.AppStore|Any CPU.ActiveCfg = Release|x86
		{51E521FE-8E8D-41CE-B22F-0A2E1718F837}.AppStore|Any CPU.Build.0 = Release|x86
		{51E521FE-8E8D-41CE-B22F-0A2E1718F837}.AppStore|Any CPU.Deploy.0 = Release|x86
		{51E521FE-8E8D-41CE-B22F-0A2E1718F837}.AppStore|ARM.ActiveCfg = Release|ARM
		{51E521FE-8E8D-41CE-B22F-0A2E1718F837}.AppStore|ARM.Build.0 = Release|ARM
		{51E521FE-8E8D-41CE-B22F-0A2E1718F837}.AppStore|ARM.Deploy.0 = Release|ARM
		{51E521FE-8E8D-41CE-B22F-0A2E1718F837}.AppStore|iPhone.ActiveCfg = Release|x86
		{51E521FE-8E8D-41CE-B22F-0A2E1718F837}.AppStore|iPhone.Build.0 = Release|x86
		{51E521FE-8E8D-41CE-B22F-0A2E1718F837}.AppStore|iPhone.Deploy.0 = Release|x86
		{51E521FE-8E8D-41CE-B22F-0A2E1718F837}.AppStore|iPhoneSimulator.ActiveCfg = Release|x86
		{51E521FE-8E8D-41CE-B22F-0A2E1718F837}.AppStore|iPhoneSimulator.Build.0 = Release|x86
		{51E521FE-8E8D-41CE-B22F-0A2E1718F837}.AppStore|iPhoneSimulator.Deploy.0 = Release|x86
		{51E521FE-8E8D-41CE-B22F-0A2E1718F837}.AppStore|x64.ActiveCfg = Release|x64
		{51E521FE-8E8D-41CE-B22F-0A2E1718F837}.AppStore|x64.Build.0 = Release|x64
		{51E521FE-8E8D-41CE-B22F-0A2E1718F837}.AppStore|x64.Deploy.0 = Release|x64
		{51E521FE-8E8D-41CE-B22F-0A2E1718F837}.AppStore|x86.ActiveCfg = Release|x86
		{51E521FE-8E8D-41CE-B22F-0A2E1718F837}.AppStore|x86.Build.0 = Release|x86
		{51E521FE-8E8D-41CE-B22F-0A2E1718F837}.AppStore|x86.Deploy.0 = Release|x86
		{51E521FE-8E8D-41CE-B22F-0A2E1718F837}.Debug|Any CPU.ActiveCfg = Debug|x86
		{51E521FE-8E8D-41CE-B22F-0A2E1718F837}.Debug|ARM.ActiveCfg = Debug|ARM
		{51E521FE-8E8D-41CE-B22F-0A2E1718F837}.Debug|ARM.Build.0 = Debug|ARM
		{51E521FE-8E8D-41CE-B22F-0A2E1718F837}.Debug|ARM.Deploy.0 = Debug|ARM
		{51E521FE-8E8D-41CE-B22F-0A2E1718F837}.Debug|iPhone.ActiveCfg = Debug|x86
		{51E521FE-8E8D-41CE-B22F-0A2E1718F837}.Debug|iPhoneSimulator.ActiveCfg = Debug|x86
		{51E521FE-8E8D-41CE-B22F-0A2E1718F837}.Debug|x64.ActiveCfg = Debug|x64
		{51E521FE-8E8D-41CE-B22F-0A2E1718F837}.Debug|x64.Build.0 = Debug|x64
		{51E521FE-8E8D-41CE-B22F-0A2E1718F837}.Debug|x64.Deploy.0 = Debug|x64
		{51E521FE-8E8D-41CE-B22F-0A2E1718F837}.Debug|x86.ActiveCfg = Debug|x86
		{51E521FE-8E8D-41CE-B22F-0A2E1718F837}.Debug|x86.Build.0 = Debug|x86
		{51E521FE-8E8D-41CE-B22F-0A2E1718F837}.Debug|x86.Deploy.0 = Debug|x86
		{51E521FE-8E8D-41CE-B22F-0A2E1718F837}.Release|Any CPU.ActiveCfg = Release|x86
		{51E521FE-8E8D-41CE-B22F-0A2E1718F837}.Release|ARM.ActiveCfg = Release|ARM
		{51E521FE-8E8D-41CE-B22F-0A2E1718F837}.Release|ARM.Build.0 = Release|ARM
		{51E521FE-8E8D-41CE-B22F-0A2E1718F837}.Release|ARM.Deploy.0 = Release|ARM
		{51E521FE-8E8D-41CE-B22F-0A2E1718F837}.Release|iPhone.ActiveCfg = Release|x86
		{51E521FE-8E8D-41CE-B22F-0A2E1718F837}.Release|iPhoneSimulator.ActiveCfg = Release|x86
		{51E521FE-8E8D-41CE-B22F-0A2E1718F837}.Release|x64.ActiveCfg = Release|x64
		{51E521FE-8E8D-41CE-B22F-0A2E1718F837}.Release|x64.Build.0 = Release|x64
		{51E521FE-8E8D-41CE-B22F-0A2E1718F837}.Release|x64.Deploy.0 = Release|x64
		{51E521FE-8E8D-41CE-B22F-0A2E1718F837}.Release|x86.ActiveCfg = Release|x86
		{51E521FE-8E8D-41CE-B22F-0A2E1718F837}.Release|x86.Build.0 = Release|x86
		{51E521FE-8E8D-41CE-B22F-0A2E1718F837}.Release|x86.Deploy.0 = Release|x86
	EndGlobalSection
	GlobalSection(SolutionProperties) = preSolution
		HideSolutionNode = FALSE
	EndGlobalSection
EndGlobal
